
Microsoft Visual Studio Solution File, Format Version 12.00
# Visual Studio Version 17
VisualStudioVersion = 17.1.32210.238
MinimumVisualStudioVersion = 10.0.40219.1
Project("{FAE04EC0-301F-11D3-BF4B-00C04F79EFBC}") = "ScoutAutomation", "ScoutAutomation.csproj", "{8EF13F72-B76F-405B-93AA-124214A8FA0B}"
EndProject
Global
	GlobalSection(SolutionConfigurationPlatforms) = preSolution
		Debug|Any CPU = Debug|Any CPU
		Release|Any CPU = Release|Any CPU
	EndGlobalSection
	GlobalSection(ProjectConfigurationPlatforms) = postSolution
		{8EF13F72-B76F-405B-93AA-124214A8FA0B}.Debug|Any CPU.ActiveCfg = Debug|Any CPU
		{8EF13F72-B76F-405B-93AA-124214A8FA0B}.Debug|Any CPU.Build.0 = Debug|Any CPU
		{8EF13F72-B76F-405B-93AA-124214A8FA0B}.Release|Any CPU.ActiveCfg = Release|Any CPU
		{8EF13F72-B76F-405B-93AA-124214A8FA0B}.Release|Any CPU.Build.0 = Release|Any CPU
	EndGlobalSection
	GlobalSection(SolutionProperties) = preSolution
		HideSolutionNode = FALSE
	EndGlobalSection
	GlobalSection(ExtensibilityGlobals) = postSolution
		SolutionGuid = {3ED4B44F-867D-446B-8F85-7024A0CDDFB1}
	EndGlobalSection
EndGlobal
